
Microsoft Visual Studio Solution File, Format Version 12.00
# Visual Studio 15
VisualStudioVersion = 15.0.26124.0
MinimumVisualStudioVersion = 15.0.26124.0
Project("{2150E333-8FDC-42A3-9474-1A3956D46DE8}") = "src", "src", "{CBA9B847-F25F-49CC-8292-623A281980A3}"
EndProject
Project("{FAE04EC0-301F-11D3-BF4B-00C04F79EFBC}") = "PackIT.Domain", "src\PackIT.Domain\PackIT.Domain.csproj", "{C7AC5D03-26C2-4A6F-A17D-808441533155}"
EndProject
Project("{FAE04EC0-301F-11D3-BF4B-00C04F79EFBC}") = "PackIT.Application", "src\PackIT.Application\PackIT.Application.csproj", "{756D3F81-E6BD-4313-B59C-99D62CAB8A68}"
EndProject
Project("{FAE04EC0-301F-11D3-BF4B-00C04F79EFBC}") = "PackIT.Infrastructure", "src\PackIT.Infrastructure\PackIT.Infrastructure.csproj", "{9CEABD34-78D9-42C6-849D-65975ABF1445}"
EndProject
Project("{FAE04EC0-301F-11D3-BF4B-00C04F79EFBC}") = "PackIT.Api", "src\PackIT.Api\PackIT.Api.csproj", "{FF4EF289-44D4-45B1-8CB9-F50634E2369D}"
EndProject
Project("{2150E333-8FDC-42A3-9474-1A3956D46DE8}") = "Shared", "Shared", "{76280889-B548-4EE9-B6C4-418D84CDAF3C}"
EndProject
Project("{FAE04EC0-301F-11D3-BF4B-00C04F79EFBC}") = "PackIT.Shared.Abstractions", "src\PackIT.Shared.Abstractions\PackIT.Shared.Abstractions.csproj", "{518D8526-76F9-4CF6-A46D-AE0175EE9F90}"
EndProject
Project("{FAE04EC0-301F-11D3-BF4B-00C04F79EFBC}") = "PackIT.Shared", "src\PackIT.Shared\PackIT.Shared.csproj", "{76F5CF93-C5C6-410F-B954-7F8C0DAAB3D1}"
EndProject
Project("{2150E333-8FDC-42A3-9474-1A3956D46DE8}") = "tests", "tests", "{87EE6661-53BF-42D2-B1EF-1025AF1494F3}"
EndProject
Project("{FAE04EC0-301F-11D3-BF4B-00C04F79EFBC}") = "PackIT.UnitTests", "tests\PackIT.UnitTests\PackIT.UnitTests.csproj", "{6FE09B96-027F-4EA6-AFE7-884B946F1D7A}"
EndProject
Global
	GlobalSection(SolutionConfigurationPlatforms) = preSolution
		Debug|Any CPU = Debug|Any CPU
		Debug|x64 = Debug|x64
		Debug|x86 = Debug|x86
		Release|Any CPU = Release|Any CPU
		Release|x64 = Release|x64
		Release|x86 = Release|x86
	EndGlobalSection
	GlobalSection(SolutionProperties) = preSolution
		HideSolutionNode = FALSE
	EndGlobalSection
	GlobalSection(NestedProjects) = preSolution
		{C7AC5D03-26C2-4A6F-A17D-808441533155} = {CBA9B847-F25F-49CC-8292-623A281980A3}
		{756D3F81-E6BD-4313-B59C-99D62CAB8A68} = {CBA9B847-F25F-49CC-8292-623A281980A3}
		{9CEABD34-78D9-42C6-849D-65975ABF1445} = {CBA9B847-F25F-49CC-8292-623A281980A3}
		{FF4EF289-44D4-45B1-8CB9-F50634E2369D} = {CBA9B847-F25F-49CC-8292-623A281980A3}
		{76280889-B548-4EE9-B6C4-418D84CDAF3C} = {CBA9B847-F25F-49CC-8292-623A281980A3}
		{518D8526-76F9-4CF6-A46D-AE0175EE9F90} = {76280889-B548-4EE9-B6C4-418D84CDAF3C}
		{76F5CF93-C5C6-410F-B954-7F8C0DAAB3D1} = {76280889-B548-4EE9-B6C4-418D84CDAF3C}
		{6FE09B96-027F-4EA6-AFE7-884B946F1D7A} = {87EE6661-53BF-42D2-B1EF-1025AF1494F3}
	EndGlobalSection
	GlobalSection(ProjectConfigurationPlatforms) = postSolution
		{C7AC5D03-26C2-4A6F-A17D-808441533155}.Debug|Any CPU.ActiveCfg = Debug|Any CPU
		{C7AC5D03-26C2-4A6F-A17D-808441533155}.Debug|Any CPU.Build.0 = Debug|Any CPU
		{C7AC5D03-26C2-4A6F-A17D-808441533155}.Debug|x64.ActiveCfg = Debug|Any CPU
		{C7AC5D03-26C2-4A6F-A17D-808441533155}.Debug|x64.Build.0 = Debug|Any CPU
		{C7AC5D03-26C2-4A6F-A17D-808441533155}.Debug|x86.ActiveCfg = Debug|Any CPU
		{C7AC5D03-26C2-4A6F-A17D-808441533155}.Debug|x86.Build.0 = Debug|Any CPU
		{C7AC5D03-26C2-4A6F-A17D-808441533155}.Release|Any CPU.ActiveCfg = Release|Any CPU
		{C7AC5D03-26C2-4A6F-A17D-808441533155}.Release|Any CPU.Build.0 = Release|Any CPU
		{C7AC5D03-26C2-4A6F-A17D-808441533155}.Release|x64.ActiveCfg = Release|Any CPU
		{C7AC5D03-26C2-4A6F-A17D-808441533155}.Release|x64.Build.0 = Release|Any CPU
		{C7AC5D03-26C2-4A6F-A17D-808441533155}.Release|x86.ActiveCfg = Release|Any CPU
		{C7AC5D03-26C2-4A6F-A17D-808441533155}.Release|x86.Build.0 = Release|Any CPU
		{756D3F81-E6BD-4313-B59C-99D62CAB8A68}.Debug|Any CPU.ActiveCfg = Debug|Any CPU
		{756D3F81-E6BD-4313-B59C-99D62CAB8A68}.Debug|Any CPU.Build.0 = Debug|Any CPU
		{756D3F81-E6BD-4313-B59C-99D62CAB8A68}.Debug|x64.ActiveCfg = Debug|Any CPU
		{756D3F81-E6BD-4313-B59C-99D62CAB8A68}.Debug|x64.Build.0 = Debug|Any CPU
		{756D3F81-E6BD-4313-B59C-99D62CAB8A68}.Debug|x86.ActiveCfg = Debug|Any CPU
		{756D3F81-E6BD-4313-B59C-99D62CAB8A68}.Debug|x86.Build.0 = Debug|Any CPU
		{756D3F81-E6BD-4313-B59C-99D62CAB8A68}.Release|Any CPU.ActiveCfg = Release|Any CPU
		{756D3F81-E6BD-4313-B59C-99D62CAB8A68}.Release|Any CPU.Build.0 = Release|Any CPU
		{756D3F81-E6BD-4313-B59C-99D62CAB8A68}.Release|x64.ActiveCfg = Release|Any CPU
		{756D3F81-E6BD-4313-B59C-99D62CAB8A68}.Release|x64.Build.0 = Release|Any CPU
		{756D3F81-E6BD-4313-B59C-99D62CAB8A68}.Release|x86.ActiveCfg = Release|Any CPU
		{756D3F81-E6BD-4313-B59C-99D62CAB8A68}.Release|x86.Build.0 = Release|Any CPU
		{9CEABD34-78D9-42C6-849D-65975ABF1445}.Debug|Any CPU.ActiveCfg = Debug|Any CPU
		{9CEABD34-78D9-42C6-849D-65975ABF1445}.Debug|Any CPU.Build.0 = Debug|Any CPU
		{9CEABD34-78D9-42C6-849D-65975ABF1445}.Debug|x64.ActiveCfg = Debug|Any CPU
		{9CEABD34-78D9-42C6-849D-65975ABF1445}.Debug|x64.Build.0 = Debug|Any CPU
		{9CEABD34-78D9-42C6-849D-65975ABF1445}.Debug|x86.ActiveCfg = Debug|Any CPU
		{9CEABD34-78D9-42C6-849D-65975ABF1445}.Debug|x86.Build.0 = Debug|Any CPU
		{9CEABD34-78D9-42C6-849D-65975ABF1445}.Release|Any CPU.ActiveCfg = Release|Any CPU
		{9CEABD34-78D9-42C6-849D-65975ABF1445}.Release|Any CPU.Build.0 = Release|Any CPU
		{9CEABD34-78D9-42C6-849D-65975ABF1445}.Release|x64.ActiveCfg = Release|Any CPU
		{9CEABD34-78D9-42C6-849D-65975ABF1445}.Release|x64.Build.0 = Release|Any CPU
		{9CEABD34-78D9-42C6-849D-65975ABF1445}.Release|x86.ActiveCfg = Release|Any CPU
		{9CEABD34-78D9-42C6-849D-65975ABF1445}.Release|x86.Build.0 = Release|Any CPU
		{FF4EF289-44D4-45B1-8CB9-F50634E2369D}.Debug|Any CPU.ActiveCfg = Debug|Any CPU
		{FF4EF289-44D4-45B1-8CB9-F50634E2369D}.Debug|Any CPU.Build.0 = Debug|Any CPU
		{FF4EF289-44D4-45B1-8CB9-F50634E2369D}.Debug|x64.ActiveCfg = Debug|Any CPU
		{FF4EF289-44D4-45B1-8CB9-F50634E2369D}.Debug|x64.Build.0 = Debug|Any CPU
		{FF4EF289-44D4-45B1-8CB9-F50634E2369D}.Debug|x86.ActiveCfg = Debug|Any CPU
		{FF4EF289-44D4-45B1-8CB9-F50634E2369D}.Debug|x86.Build.0 = Debug|Any CPU
		{FF4EF289-44D4-45B1-8CB9-F50634E2369D}.Release|Any CPU.ActiveCfg = Release|Any CPU
		{FF4EF289-44D4-45B1-8CB9-F50634E2369D}.Release|Any CPU.Build.0 = Release|Any CPU
		{FF4EF289-44D4-45B1-8CB9-F50634E2369D}.Release|x64.ActiveCfg = Release|Any CPU
		{FF4EF289-44D4-45B1-8CB9-F50634E2369D}.Release|x64.Build.0 = Release|Any CPU
		{FF4EF289-44D4-45B1-8CB9-F50634E2369D}.Release|x86.ActiveCfg = Release|Any CPU
		{FF4EF289-44D4-45B1-8CB9-F50634E2369D}.Release|x86.Build.0 = Release|Any CPU
		{518D8526-76F9-4CF6-A46D-AE0175EE9F90}.Debug|Any CPU.ActiveCfg = Debug|Any CPU
		{518D8526-76F9-4CF6-A46D-AE0175EE9F90}.Debug|Any CPU.Build.0 = Debug|Any CPU
		{518D8526-76F9-4CF6-A46D-AE0175EE9F90}.Debug|x64.ActiveCfg = Debug|Any CPU
		{518D8526-76F9-4CF6-A46D-AE0175EE9F90}.Debug|x64.Build.0 = Debug|Any CPU
		{518D8526-76F9-4CF6-A46D-AE0175EE9F90}.Debug|x86.ActiveCfg = Debug|Any CPU
		{518D8526-76F9-4CF6-A46D-AE0175EE9F90}.Debug|x86.Build.0 = Debug|Any CPU
		{518D8526-76F9-4CF6-A46D-AE0175EE9F90}.Release|Any CPU.ActiveCfg = Release|Any CPU
		{518D8526-76F9-4CF6-A46D-AE0175EE9F90}.Release|Any CPU.Build.0 = Release|Any CPU
		{518D8526-76F9-4CF6-A46D-AE0175EE9F90}.Release|x64.ActiveCfg = Release|Any CPU
		{518D8526-76F9-4CF6-A46D-AE0175EE9F90}.Release|x64.Build.0 = Release|Any CPU
		{518D8526-76F9-4CF6-A46D-AE0175EE9F90}.Release|x86.ActiveCfg = Release|Any CPU
		{518D8526-76F9-4CF6-A46D-AE0175EE9F90}.Release|x86.Build.0 = Release|Any CPU
		{76F5CF93-C5C6-410F-B954-7F8C0DAAB3D1}.Debug|Any CPU.ActiveCfg = Debug|Any CPU
		{76F5CF93-C5C6-410F-B954-7F8C0DAAB3D1}.Debug|Any CPU.Build.0 = Debug|Any CPU
		{76F5CF93-C5C6-410F-B954-7F8C0DAAB3D1}.Debug|x64.ActiveCfg = Debug|Any CPU
		{76F5CF93-C5C6-410F-B954-7F8C0DAAB3D1}.Debug|x64.Build.0 = Debug|Any CPU
		{76F5CF93-C5C6-410F-B954-7F8C0DAAB3D1}.Debug|x86.ActiveCfg = Debug|Any CPU
		{76F5CF93-C5C6-410F-B954-7F8C0DAAB3D1}.Debug|x86.Build.0 = Debug|Any CPU
		{76F5CF93-C5C6-410F-B954-7F8C0DAAB3D1}.Release|Any CPU.ActiveCfg = Release|Any CPU
		{76F5CF93-C5C6-410F-B954-7F8C0DAAB3D1}.Release|Any CPU.Build.0 = Release|Any CPU
		{76F5CF93-C5C6-410F-B954-7F8C0DAAB3D1}.Release|x64.ActiveCfg = Release|Any CPU
		{76F5CF93-C5C6-410F-B954-7F8C0DAAB3D1}.Release|x64.Build.0 = Release|Any CPU
		{76F5CF93-C5C6-410F-B954-7F8C0DAAB3D1}.Release|x86.ActiveCfg = Release|Any CPU
		{76F5CF93-C5C6-410F-B954-7F8C0DAAB3D1}.Release|x86.Build.0 = Release|Any CPU
		{6FE09B96-027F-4EA6-AFE7-884B946F1D7A}.Debug|Any CPU.ActiveCfg = Debug|Any CPU
		{6FE09B96-027F-4EA6-AFE7-884B946F1D7A}.Debug|Any CPU.Build.0 = Debug|Any CPU
		{6FE09B96-027F-4EA6-AFE7-884B946F1D7A}.Debug|x64.ActiveCfg = Debug|Any CPU
		{6FE09B96-027F-4EA6-AFE7-884B946F1D7A}.Debug|x64.Build.0 = Debug|Any CPU
		{6FE09B96-027F-4EA6-AFE7-884B946F1D7A}.Debug|x86.ActiveCfg = Debug|Any CPU
		{6FE09B96-027F-4EA6-AFE7-884B946F1D7A}.Debug|x86.Build.0 = Debug|Any CPU
		{6FE09B96-027F-4EA6-AFE7-884B946F1D7A}.Release|Any CPU.ActiveCfg = Release|Any CPU
		{6FE09B96-027F-4EA6-AFE7-884B946F1D7A}.Release|Any CPU.Build.0 = Release|Any CPU
		{6FE09B96-027F-4EA6-AFE7-884B946F1D7A}.Release|x64.ActiveCfg = Release|Any CPU
		{6FE09B96-027F-4EA6-AFE7-884B946F1D7A}.Release|x64.Build.0 = Release|Any CPU
		{6FE09B96-027F-4EA6-AFE7-884B946F1D7A}.Release|x86.ActiveCfg = Release|Any CPU
		{6FE09B96-027F-4EA6-AFE7-884B946F1D7A}.Release|x86.Build.0 = Release|Any CPU
	EndGlobalSection
EndGlobal
